
Microsoft Visual Studio Solution File, Format Version 12.00
# Visual Studio Version 17
VisualStudioVersion = 17.0.31903.59
MinimumVisualStudioVersion = 10.0.40219.1
Project("{FAE04EC0-301F-11D3-BF4B-00C04F79EFBC}") = "FoodOrdering.Api", "FoodOrdering.Api\FoodOrdering.Api.csproj", "{52AB0303-6E8B-4B5B-AAE2-B9466AB92E75}"
EndProject
Project("{FAE04EC0-301F-11D3-BF4B-00C04F79EFBC}") = "FoodOrdering.Tests", "FoodOrdering.Tests\FoodOrdering.Tests.csproj", "{97A3D169-3795-4AFB-94CB-BF3F03D18A83}"
EndProject
Global
	GlobalSection(SolutionConfigurationPlatforms) = preSolution
		Debug|Any CPU = Debug|Any CPU
		Release|Any CPU = Release|Any CPU
	EndGlobalSection
	GlobalSection(SolutionProperties) = preSolution
		HideSolutionNode = FALSE
	EndGlobalSection
	GlobalSection(ProjectConfigurationPlatforms) = postSolution
		{52AB0303-6E8B-4B5B-AAE2-B9466AB92E75}.Debug|Any CPU.ActiveCfg = Debug|Any CPU
		{52AB0303-6E8B-4B5B-AAE2-B9466AB92E75}.Debug|Any CPU.Build.0 = Debug|Any CPU
		{52AB0303-6E8B-4B5B-AAE2-B9466AB92E75}.Release|Any CPU.ActiveCfg = Release|Any CPU
		{52AB0303-6E8B-4B5B-AAE2-B9466AB92E75}.Release|Any CPU.Build.0 = Release|Any CPU
		{97A3D169-3795-4AFB-94CB-BF3F03D18A83}.Debug|Any CPU.ActiveCfg = Debug|Any CPU
		{97A3D169-3795-4AFB-94CB-BF3F03D18A83}.Debug|Any CPU.Build.0 = Debug|Any CPU
		{97A3D169-3795-4AFB-94CB-BF3F03D18A83}.Release|Any CPU.ActiveCfg = Release|Any CPU
		{97A3D169-3795-4AFB-94CB-BF3F03D18A83}.Release|Any CPU.Build.0 = Release|Any CPU
	EndGlobalSection
EndGlobal
